
Microsoft Visual Studio Solution File, Format Version 12.00
# Visual Studio Version 16
VisualStudioVersion = 16.0.32126.315
MinimumVisualStudioVersion = 10.0.40219.1
Project("{FAE04EC0-301F-11D3-BF4B-00C04F79EFBC}") = "ProcessGUI", "ProcessGUI.csproj", "{6411C738-6FEE-48BA-80E5-5A35AE63A323}"
EndProject
Global
	GlobalSection(SolutionConfigurationPlatforms) = preSolution
		Debug|Any CPU = Debug|Any CPU
		Release|Any CPU = Release|Any CPU
	EndGlobalSection
	GlobalSection(ProjectConfigurationPlatforms) = postSolution
		{6411C738-6FEE-48BA-80E5-5A35AE63A323}.Debug|Any CPU.ActiveCfg = Debug|Any CPU
		{6411C738-6FEE-48BA-80E5-5A35AE63A323}.Debug|Any CPU.Build.0 = Debug|Any CPU
		{6411C738-6FEE-48BA-80E5-5A35AE63A323}.Release|Any CPU.ActiveCfg = Release|Any CPU
		{6411C738-6FEE-48BA-80E5-5A35AE63A323}.Release|Any CPU.Build.0 = Release|Any CPU
	EndGlobalSection
	GlobalSection(SolutionProperties) = preSolution
		HideSolutionNode = FALSE
	EndGlobalSection
	GlobalSection(ExtensibilityGlobals) = postSolution
		SolutionGuid = {E8E94BEF-BB15-42B3-AD0B-FEB9F29B5074}
	EndGlobalSection
EndGlobal
