
Microsoft Visual Studio Solution File, Format Version 12.00
# Visual Studio Version 16
VisualStudioVersion = 16.0.32126.315
MinimumVisualStudioVersion = 10.0.40219.1
Project("{FAE04EC0-301F-11D3-BF4B-00C04F79EFBC}") = "cbbox", "cbbox.csproj", "{9132D263-93CA-4583-B679-7F88928CFD86}"
EndProject
Global
	GlobalSection(SolutionConfigurationPlatforms) = preSolution
		Debug|Any CPU = Debug|Any CPU
		Release|Any CPU = Release|Any CPU
	EndGlobalSection
	GlobalSection(ProjectConfigurationPlatforms) = postSolution
		{9132D263-93CA-4583-B679-7F88928CFD86}.Debug|Any CPU.ActiveCfg = Debug|Any CPU
		{9132D263-93CA-4583-B679-7F88928CFD86}.Debug|Any CPU.Build.0 = Debug|Any CPU
		{9132D263-93CA-4583-B679-7F88928CFD86}.Release|Any CPU.ActiveCfg = Release|Any CPU
		{9132D263-93CA-4583-B679-7F88928CFD86}.Release|Any CPU.Build.0 = Release|Any CPU
	EndGlobalSection
	GlobalSection(SolutionProperties) = preSolution
		HideSolutionNode = FALSE
	EndGlobalSection
	GlobalSection(ExtensibilityGlobals) = postSolution
		SolutionGuid = {78997F37-B636-41EB-B75A-6A78BB91D120}
	EndGlobalSection
EndGlobal
